
Microsoft Visual Studio Solution File, Format Version 12.00
# Visual Studio Version 17
VisualStudioVersion = 17.0.31903.59
MinimumVisualStudioVersion = 10.0.40219.1
Project("{2150E333-8FDC-42A3-9474-1A3956D46DE8}") = "src", "src", "{47C2F24F-400F-4EE5-BAE1-7E2C9B5E7CB8}"
EndProject
Project("{FAE04EC0-301F-11D3-BF4B-00C04F79EFBC}") = "MinimalApiBasic", "src\MinimalApiBasic\MinimalApiBasic.csproj", "{36D5B659-2DFC-4014-BA19-87F99117EA0A}"
EndProject
Project("{FAE04EC0-301F-11D3-BF4B-00C04F79EFBC}") = "MinimalApiAdvanced", "src\MinimalApiAdvanced\MinimalApiAdvanced.csproj", "{FAEAF2AD-0EDE-4A4C-9555-B6ABA65E4C8E}"
EndProject
Project("{FAE04EC0-301F-11D3-BF4B-00C04F79EFBC}") = "NotMinimalApi", "src\NotMinimalApi\NotMinimalApi.csproj", "{20757B8C-D4F1-4A57-BFE0-728C74100E75}"
EndProject
Project("{2150E333-8FDC-42A3-9474-1A3956D46DE8}") = "tests", "tests", "{C3F27155-5CEE-42E6-AFD3-BDB0599DF2D0}"
EndProject
Project("{FAE04EC0-301F-11D3-BF4B-00C04F79EFBC}") = "MinimalPerf.Example", "tests\MinimalPerf.Example\MinimalPerf.Example.csproj", "{BCF51AF0-3DD4-42EC-A8E7-5B912FC817FB}"
EndProject
Project("{FAE04EC0-301F-11D3-BF4B-00C04F79EFBC}") = "MinimalPerf.MinimalApi", "tests\MinimalPerf.MinimalApi\MinimalPerf.MinimalApi.csproj", "{ACB4707B-841D-4715-A736-BC1D145A2C34}"
EndProject
Project("{FAE04EC0-301F-11D3-BF4B-00C04F79EFBC}") = "MinimalPerf.OldStyle", "tests\MinimalPerf.OldStyle\MinimalPerf.OldStyle.csproj", "{6F5BE619-5DF4-4C39-B7FC-1A75DC82B0E4}"
EndProject
Project("{FAE04EC0-301F-11D3-BF4B-00C04F79EFBC}") = "MinimalPerf.PerfomanceTests", "tests\MinimalPerf.PerfomanceTests\MinimalPerf.PerfomanceTests.csproj", "{4639F7AB-6289-44B1-89C3-446D04475077}"
EndProject
Project("{FAE04EC0-301F-11D3-BF4B-00C04F79EFBC}") = "MinimalApiRealWorld", "src\MinimalApiRealWorld\MinimalApiRealWorld.csproj", "{56DE324F-A8DC-4EC3-989A-BFE712DC9D97}"
EndProject
Global
	GlobalSection(SolutionConfigurationPlatforms) = preSolution
		Debug|Any CPU = Debug|Any CPU
		Release|Any CPU = Release|Any CPU
	EndGlobalSection
	GlobalSection(SolutionProperties) = preSolution
		HideSolutionNode = FALSE
	EndGlobalSection
	GlobalSection(ProjectConfigurationPlatforms) = postSolution
		{36D5B659-2DFC-4014-BA19-87F99117EA0A}.Debug|Any CPU.ActiveCfg = Debug|Any CPU
		{36D5B659-2DFC-4014-BA19-87F99117EA0A}.Debug|Any CPU.Build.0 = Debug|Any CPU
		{36D5B659-2DFC-4014-BA19-87F99117EA0A}.Release|Any CPU.ActiveCfg = Release|Any CPU
		{36D5B659-2DFC-4014-BA19-87F99117EA0A}.Release|Any CPU.Build.0 = Release|Any CPU
		{FAEAF2AD-0EDE-4A4C-9555-B6ABA65E4C8E}.Debug|Any CPU.ActiveCfg = Debug|Any CPU
		{FAEAF2AD-0EDE-4A4C-9555-B6ABA65E4C8E}.Debug|Any CPU.Build.0 = Debug|Any CPU
		{FAEAF2AD-0EDE-4A4C-9555-B6ABA65E4C8E}.Release|Any CPU.ActiveCfg = Release|Any CPU
		{FAEAF2AD-0EDE-4A4C-9555-B6ABA65E4C8E}.Release|Any CPU.Build.0 = Release|Any CPU
		{20757B8C-D4F1-4A57-BFE0-728C74100E75}.Debug|Any CPU.ActiveCfg = Debug|Any CPU
		{20757B8C-D4F1-4A57-BFE0-728C74100E75}.Debug|Any CPU.Build.0 = Debug|Any CPU
		{20757B8C-D4F1-4A57-BFE0-728C74100E75}.Release|Any CPU.ActiveCfg = Release|Any CPU
		{20757B8C-D4F1-4A57-BFE0-728C74100E75}.Release|Any CPU.Build.0 = Release|Any CPU
		{BCF51AF0-3DD4-42EC-A8E7-5B912FC817FB}.Debug|Any CPU.ActiveCfg = Debug|Any CPU
		{BCF51AF0-3DD4-42EC-A8E7-5B912FC817FB}.Debug|Any CPU.Build.0 = Debug|Any CPU
		{BCF51AF0-3DD4-42EC-A8E7-5B912FC817FB}.Release|Any CPU.ActiveCfg = Release|Any CPU
		{BCF51AF0-3DD4-42EC-A8E7-5B912FC817FB}.Release|Any CPU.Build.0 = Release|Any CPU
		{ACB4707B-841D-4715-A736-BC1D145A2C34}.Debug|Any CPU.ActiveCfg = Debug|Any CPU
		{ACB4707B-841D-4715-A736-BC1D145A2C34}.Debug|Any CPU.Build.0 = Debug|Any CPU
		{ACB4707B-841D-4715-A736-BC1D145A2C34}.Release|Any CPU.ActiveCfg = Release|Any CPU
		{ACB4707B-841D-4715-A736-BC1D145A2C34}.Release|Any CPU.Build.0 = Release|Any CPU
		{6F5BE619-5DF4-4C39-B7FC-1A75DC82B0E4}.Debug|Any CPU.ActiveCfg = Debug|Any CPU
		{6F5BE619-5DF4-4C39-B7FC-1A75DC82B0E4}.Debug|Any CPU.Build.0 = Debug|Any CPU
		{6F5BE619-5DF4-4C39-B7FC-1A75DC82B0E4}.Release|Any CPU.ActiveCfg = Release|Any CPU
		{6F5BE619-5DF4-4C39-B7FC-1A75DC82B0E4}.Release|Any CPU.Build.0 = Release|Any CPU
		{4639F7AB-6289-44B1-89C3-446D04475077}.Debug|Any CPU.ActiveCfg = Debug|Any CPU
		{4639F7AB-6289-44B1-89C3-446D04475077}.Debug|Any CPU.Build.0 = Debug|Any CPU
		{4639F7AB-6289-44B1-89C3-446D04475077}.Release|Any CPU.ActiveCfg = Release|Any CPU
		{4639F7AB-6289-44B1-89C3-446D04475077}.Release|Any CPU.Build.0 = Release|Any CPU
		{56DE324F-A8DC-4EC3-989A-BFE712DC9D97}.Debug|Any CPU.ActiveCfg = Debug|Any CPU
		{56DE324F-A8DC-4EC3-989A-BFE712DC9D97}.Debug|Any CPU.Build.0 = Debug|Any CPU
		{56DE324F-A8DC-4EC3-989A-BFE712DC9D97}.Release|Any CPU.ActiveCfg = Release|Any CPU
		{56DE324F-A8DC-4EC3-989A-BFE712DC9D97}.Release|Any CPU.Build.0 = Release|Any CPU
	EndGlobalSection
	GlobalSection(NestedProjects) = preSolution
		{36D5B659-2DFC-4014-BA19-87F99117EA0A} = {47C2F24F-400F-4EE5-BAE1-7E2C9B5E7CB8}
		{FAEAF2AD-0EDE-4A4C-9555-B6ABA65E4C8E} = {47C2F24F-400F-4EE5-BAE1-7E2C9B5E7CB8}
		{20757B8C-D4F1-4A57-BFE0-728C74100E75} = {47C2F24F-400F-4EE5-BAE1-7E2C9B5E7CB8}
		{BCF51AF0-3DD4-42EC-A8E7-5B912FC817FB} = {C3F27155-5CEE-42E6-AFD3-BDB0599DF2D0}
		{ACB4707B-841D-4715-A736-BC1D145A2C34} = {C3F27155-5CEE-42E6-AFD3-BDB0599DF2D0}
		{6F5BE619-5DF4-4C39-B7FC-1A75DC82B0E4} = {C3F27155-5CEE-42E6-AFD3-BDB0599DF2D0}
		{4639F7AB-6289-44B1-89C3-446D04475077} = {C3F27155-5CEE-42E6-AFD3-BDB0599DF2D0}
		{56DE324F-A8DC-4EC3-989A-BFE712DC9D97} = {47C2F24F-400F-4EE5-BAE1-7E2C9B5E7CB8}
	EndGlobalSection
EndGlobal
